
Microsoft Visual Studio Solution File, Format Version 12.00
# Visual Studio Version 16
VisualStudioVersion = 16.0.31624.102
MinimumVisualStudioVersion = 10.0.40219.1
Project("{FAE04EC0-301F-11D3-BF4B-00C04F79EFBC}") = "HelloWorld", "HelloWorld\HelloWorld.csproj", "{DA0E324D-49B0-40F9-B811-E8B91FB66A22}"
EndProject
Global
	GlobalSection(SolutionConfigurationPlatforms) = preSolution
		Debug|Any CPU = Debug|Any CPU
		Release|Any CPU = Release|Any CPU
	EndGlobalSection
	GlobalSection(ProjectConfigurationPlatforms) = postSolution
		{DA0E324D-49B0-40F9-B811-E8B91FB66A22}.Debug|Any CPU.ActiveCfg = Debug|Any CPU
		{DA0E324D-49B0-40F9-B811-E8B91FB66A22}.Debug|Any CPU.Build.0 = Debug|Any CPU
		{DA0E324D-49B0-40F9-B811-E8B91FB66A22}.Release|Any CPU.ActiveCfg = Release|Any CPU
		{DA0E324D-49B0-40F9-B811-E8B91FB66A22}.Release|Any CPU.Build.0 = Release|Any CPU
	EndGlobalSection
	GlobalSection(SolutionProperties) = preSolution
		HideSolutionNode = FALSE
	EndGlobalSection
	GlobalSection(ExtensibilityGlobals) = postSolution
		SolutionGuid = {C5464835-D2B2-48DB-B54B-AD19EB70F915}
	EndGlobalSection
EndGlobal
